
Microsoft Visual Studio Solution File, Format Version 12.00
# Visual Studio 14
VisualStudioVersion = 14.0.25123.0
MinimumVisualStudioVersion = 10.0.40219.1
Project("{FAE04EC0-301F-11D3-BF4B-00C04F79EFBC}") = "Famoser.SqliteWrapper", "Famoser.SqliteWrapper\Famoser.SqliteWrapper.csproj", "{934EA1C8-C3BF-4AC2-BBA4-B59B20415295}"
EndProject
Project("{FAE04EC0-301F-11D3-BF4B-00C04F79EFBC}") = "Famoser.SqliteWrapper.Tests", "Famoser.SqliteWrapper.Tests\Famoser.SqliteWrapper.Tests.csproj", "{EBF44C54-3C58-45D3-B13A-957C9DA9239D}"
EndProject
Project("{2150E333-8FDC-42A3-9474-1A3956D46DE8}") = "Tests", "Tests", "{5C757391-7476-4BE6-B274-ECB5B2D00C79}"
EndProject
Global
	GlobalSection(SolutionConfigurationPlatforms) = preSolution
		Debug|Any CPU = Debug|Any CPU
		Release|Any CPU = Release|Any CPU
	EndGlobalSection
	GlobalSection(ProjectConfigurationPlatforms) = postSolution
		{934EA1C8-C3BF-4AC2-BBA4-B59B20415295}.Debug|Any CPU.ActiveCfg = Debug|Any CPU
		{934EA1C8-C3BF-4AC2-BBA4-B59B20415295}.Debug|Any CPU.Build.0 = Debug|Any CPU
		{934EA1C8-C3BF-4AC2-BBA4-B59B20415295}.Release|Any CPU.ActiveCfg = Release|Any CPU
		{934EA1C8-C3BF-4AC2-BBA4-B59B20415295}.Release|Any CPU.Build.0 = Release|Any CPU
		{EBF44C54-3C58-45D3-B13A-957C9DA9239D}.Debug|Any CPU.ActiveCfg = Debug|Any CPU
		{EBF44C54-3C58-45D3-B13A-957C9DA9239D}.Debug|Any CPU.Build.0 = Debug|Any CPU
		{EBF44C54-3C58-45D3-B13A-957C9DA9239D}.Release|Any CPU.ActiveCfg = Release|Any CPU
		{EBF44C54-3C58-45D3-B13A-957C9DA9239D}.Release|Any CPU.Build.0 = Release|Any CPU
	EndGlobalSection
	GlobalSection(SolutionProperties) = preSolution
		HideSolutionNode = FALSE
	EndGlobalSection
	GlobalSection(NestedProjects) = preSolution
		{EBF44C54-3C58-45D3-B13A-957C9DA9239D} = {5C757391-7476-4BE6-B274-ECB5B2D00C79}
	EndGlobalSection
EndGlobal
